PODS:
  - Alamofire (4.1.0)
  - DrawerController (3.0.0):
    - DrawerController/Core (= 3.0.0)
    - DrawerController/DrawerVisualStates (= 3.0.0)
  - DrawerController/Core (3.0.0)
  - DrawerController/DrawerVisualStates (3.0.0):
    - DrawerController/Core
  - SwiftyJSON (3.1.3)

DEPENDENCIES:
  - Alamofire (~> 4.0)
  - DrawerController (~> 3.0)
  - SwiftyJSON

SPEC CHECKSUMS:
  Alamofire: e266cf991b933498df791e645e0d8ac294492153
  DrawerController: 5e859c5dbeae3cea20981eb5ff2aa16eb946dff9
  SwiftyJSON: 38a8ea2006779c0fc4c310cb2ee8195327740faf

PODFILE CHECKSUM: e214ac0fddff2462d2aaed961a84b01abf321621

COCOAPODS: 1.2.0.beta.1
