// !$*UTF8*$!
{
	archiveVersion = 1;
	classes = {
	};
	objectVersion = 46;
	objects = {

/* Begin PBXBuildFile section */
		14032F671DE0479B007BD6DD /* NewsSourceCell.swift in Sources */ = {isa = PBXBuildFile; fileRef = 14032F651DE0479B007BD6DD /* NewsSourceCell.swift */; };
		14032F681DE0479B007BD6DD /* NewsSourceCell.xib in Resources */ = {isa = PBXBuildFile; fileRef = 14032F661DE0479B007BD6DD /* NewsSourceCell.xib */; };
		140FAEE41DDEFAD100BB8DD9 /* SettingsViewController.swift in Sources */ = {isa = PBXBuildFile; fileRef = 140FAEE31DDEFAD100BB8DD9 /* SettingsViewController.swift */; };
		1416F0591DE7B3C800529B94 /* SettingsViewHeaderFooterView.swift in Sources */ = {isa = PBXBuildFile; fileRef = 1416F0581DE7B3C800529B94 /* SettingsViewHeaderFooterView.swift */; };
		1416F05F1DE7C47C00529B94 /* SettingsViewHeaderFooterView.xib in Resources */ = {isa = PBXBuildFile; fileRef = 1416F05E1DE7C47C00529B94 /* SettingsViewHeaderFooterView.xib */; };
		1426BFC71DDF4B1800CCBE31 /* Constants.swift in Sources */ = {isa = PBXBuildFile; fileRef = 1426BFC61DDF4B1800CCBE31 /* Constants.swift */; };
		14669F7E1DE233DA00CFE8E9 /* NewsArticleCell.swift in Sources */ = {isa = PBXBuildFile; fileRef = 14669F7C1DE233DA00CFE8E9 /* NewsArticleCell.swift */; };
		14669F7F1DE233DA00CFE8E9 /* NewsArticleCell.xib in Resources */ = {isa = PBXBuildFile; fileRef = 14669F7D1DE233DA00CFE8E9 /* NewsArticleCell.xib */; };
		14BC03751DDFB1E900ACE204 /* Source.swift in Sources */ = {isa = PBXBuildFile; fileRef = 14BC03741DDFB1E900ACE204 /* Source.swift */; };
		14BC03781DDFB8A000ACE204 /* NewsApiService.swift in Sources */ = {isa = PBXBuildFile; fileRef = 14BC03771DDFB8A000ACE204 /* NewsApiService.swift */; };
		14BC037A1DDFC06300ACE204 /* Article.swift in Sources */ = {isa = PBXBuildFile; fileRef = 14BC03791DDFC06300ACE204 /* Article.swift */; };
		14BC037F1DDFC57400ACE204 /* String+Extension.swift in Sources */ = {isa = PBXBuildFile; fileRef = 14BC037E1DDFC57400ACE204 /* String+Extension.swift */; };
		14C34AA11DE09B2400A2332C /* URL+Extension.swift in Sources */ = {isa = PBXBuildFile; fileRef = 14C34AA01DE09B2400A2332C /* URL+Extension.swift */; };
		14CA0E871DE82CE70070283E /* SynchronizedArray.swift in Sources */ = {isa = PBXBuildFile; fileRef = 14CA0E861DE82CE70070283E /* SynchronizedArray.swift */; };
		14D56D741DDC5636000B7E02 /* AppDelegate.swift in Sources */ = {isa = PBXBuildFile; fileRef = 14D56D731DDC5636000B7E02 /* AppDelegate.swift */; };
		14D56D761DDC5636000B7E02 /* NewsViewController.swift in Sources */ = {isa = PBXBuildFile; fileRef = 14D56D751DDC5636000B7E02 /* NewsViewController.swift */; };
		14D56D791DDC5636000B7E02 /* Main.storyboard in Resources */ = {isa = PBXBuildFile; fileRef = 14D56D771DDC5636000B7E02 /* Main.storyboard */; };
		14D56D7B1DDC5636000B7E02 /* Assets.xcassets in Resources */ = {isa = PBXBuildFile; fileRef = 14D56D7A1DDC5636000B7E02 /* Assets.xcassets */; };
		14D56D7E1DDC5636000B7E02 /* LaunchScreen.storyboard in Resources */ = {isa = PBXBuildFile; fileRef = 14D56D7C1DDC5636000B7E02 /* LaunchScreen.storyboard */; };
		14F39F7C1DE051E000D7D250 /* NibLoadableView.swift in Sources */ = {isa = PBXBuildFile; fileRef = 14F39F7B1DE051E000D7D250 /* NibLoadableView.swift */; };
		952F0E62E83F09A7C64BE397 /* Pods_MegaNews.framework in Frameworks */ = {isa = PBXBuildFile; fileRef = F2808D7A5B1B974279BBE4D4 /* Pods_MegaNews.framework */; };
/* End PBXBuildFile section */

/* Begin PBXFileReference section */
		14032F651DE0479B007BD6DD /* NewsSourceCell.swift */ = {isa = PBXFileReference; fileEncoding = 4; lastKnownFileType = sourcecode.swift; path = NewsSourceCell.swift; sourceTree = "<group>"; };
		14032F661DE0479B007BD6DD /* NewsSourceCell.xib */ = {isa = PBXFileReference; fileEncoding = 4; lastKnownFileType = file.xib; path = NewsSourceCell.xib; sourceTree = "<group>"; };
		140FAEE31DDEFAD100BB8DD9 /* SettingsViewController.swift */ = {isa = PBXFileReference; fileEncoding = 4; lastKnownFileType = sourcecode.swift; path = SettingsViewController.swift; sourceTree = "<group>"; };
		1416F0581DE7B3C800529B94 /* SettingsViewHeaderFooterView.swift */ = {isa = PBXFileReference; fileEncoding = 4; lastKnownFileType = sourcecode.swift; path = SettingsViewHeaderFooterView.swift; sourceTree = "<group>"; };
		1416F05E1DE7C47C00529B94 /* SettingsViewHeaderFooterView.xib */ = {isa = PBXFileReference; fileEncoding = 4; lastKnownFileType = file.xib; path = SettingsViewHeaderFooterView.xib; sourceTree = "<group>"; };
		1426BFC61DDF4B1800CCBE31 /* Constants.swift */ = {isa = PBXFileReference; fileEncoding = 4; lastKnownFileType = sourcecode.swift; path = Constants.swift; sourceTree = "<group>"; };
		14669F7C1DE233DA00CFE8E9 /* NewsArticleCell.swift */ = {isa = PBXFileReference; fileEncoding = 4; lastKnownFileType = sourcecode.swift; path = NewsArticleCell.swift; sourceTree = "<group>"; };
		14669F7D1DE233DA00CFE8E9 /* NewsArticleCell.xib */ = {isa = PBXFileReference; fileEncoding = 4; lastKnownFileType = file.xib; path = NewsArticleCell.xib; sourceTree = "<group>"; };
		14BC03741DDFB1E900ACE204 /* Source.swift */ = {isa = PBXFileReference; fileEncoding = 4; lastKnownFileType = sourcecode.swift; path = Source.swift; sourceTree = "<group>"; };
		14BC03771DDFB8A000ACE204 /* NewsApiService.swift */ = {isa = PBXFileReference; fileEncoding = 4; lastKnownFileType = sourcecode.swift; path = NewsApiService.swift; sourceTree = "<group>"; };
		14BC03791DDFC06300ACE204 /* Article.swift */ = {isa = PBXFileReference; fileEncoding = 4; lastKnownFileType = sourcecode.swift; path = Article.swift; sourceTree = "<group>"; };
		14BC037E1DDFC57400ACE204 /* String+Extension.swift */ = {isa = PBXFileReference; fileEncoding = 4; lastKnownFileType = sourcecode.swift; path = "String+Extension.swift"; sourceTree = "<group>"; };
		14C34AA01DE09B2400A2332C /* URL+Extension.swift */ = {isa = PBXFileReference; fileEncoding = 4; lastKnownFileType = sourcecode.swift; path = "URL+Extension.swift"; sourceTree = "<group>"; };
		14CA0E861DE82CE70070283E /* SynchronizedArray.swift */ = {isa = PBXFileReference; fileEncoding = 4; lastKnownFileType = sourcecode.swift; path = SynchronizedArray.swift; sourceTree = "<group>"; };
		14D56D701DDC5636000B7E02 /* MegaNews.app */ = {isa = PBXFileReference; explicitFileType = wrapper.application; includeInIndex = 0; path = MegaNews.app; sourceTree = BUILT_PRODUCTS_DIR; };
		14D56D731DDC5636000B7E02 /* AppDelegate.swift */ = {isa = PBXFileReference; lastKnownFileType = sourcecode.swift; path = AppDelegate.swift; sourceTree = "<group>"; };
		14D56D751DDC5636000B7E02 /* NewsViewController.swift */ = {isa = PBXFileReference; lastKnownFileType = sourcecode.swift; path = NewsViewController.swift; sourceTree = "<group>"; };
		14D56D781DDC5636000B7E02 /* Base */ = {isa = PBXFileReference; lastKnownFileType = file.storyboard; name = Base; path = Base.lproj/Main.storyboard; sourceTree = "<group>"; };
		14D56D7A1DDC5636000B7E02 /* Assets.xcassets */ = {isa = PBXFileReference; lastKnownFileType = folder.assetcatalog; path = Assets.xcassets; sourceTree = "<group>"; };
		14D56D7D1DDC5636000B7E02 /* Base */ = {isa = PBXFileReference; lastKnownFileType = file.storyboard; name = Base; path = Base.lproj/LaunchScreen.storyboard; sourceTree = "<group>"; };
		14D56D7F1DDC5636000B7E02 /* Info.plist */ = {isa = PBXFileReference; lastKnownFileType = text.plist.xml; path = Info.plist; sourceTree = "<group>"; };
		14F39F7B1DE051E000D7D250 /* NibLoadableView.swift */ = {isa = PBXFileReference; fileEncoding = 4; lastKnownFileType = sourcecode.swift; path = NibLoadableView.swift; sourceTree = "<group>"; };
		608538F0C1823413538DEC9E /* Pods-MegaNews.debug.xcconfig */ = {isa = PBXFileReference; includeInIndex = 1; lastKnownFileType = text.xcconfig; name = "Pods-MegaNews.debug.xcconfig"; path = "Pods/Target Support Files/Pods-MegaNews/Pods-MegaNews.debug.xcconfig"; sourceTree = "<group>"; };
		F1D4371D88A315A02F8FDF80 /* Pods-MegaNews.release.xcconfig */ = {isa = PBXFileReference; includeInIndex = 1; lastKnownFileType = text.xcconfig; name = "Pods-MegaNews.release.xcconfig"; path = "Pods/Target Support Files/Pods-MegaNews/Pods-MegaNews.release.xcconfig"; sourceTree = "<group>"; };
		F2808D7A5B1B974279BBE4D4 /* Pods_MegaNews.framework */ = {isa = PBXFileReference; explicitFileType = wrapper.framework; includeInIndex = 0; path = Pods_MegaNews.framework; sourceTree = BUILT_PRODUCTS_DIR; };
/* End PBXFileReference section */

/* Begin PBXFrameworksBuildPhase section */
		14D56D6D1DDC5636000B7E02 /* Frameworks */ = {
			isa = PBXFrameworksBuildPhase;
			buildActionMask = 2147483647;
			files = (
				952F0E62E83F09A7C64BE397 /* Pods_MegaNews.framework in Frameworks */,
			);
			runOnlyForDeploymentPostprocessing = 0;
		};
/* End PBXFrameworksBuildPhase section */

/* Begin PBXGroup section */
		036DD1E418FBB78E3740D15A /* Frameworks */ = {
			isa = PBXGroup;
			children = (
				F2808D7A5B1B974279BBE4D4 /* Pods_MegaNews.framework */,
			);
			name = Frameworks;
			sourceTree = "<group>";
		};
		14032F601DE045A1007BD6DD /* Supporting Files */ = {
			isa = PBXGroup;
			children = (
				14D56D7F1DDC5636000B7E02 /* Info.plist */,
				14D56D731DDC5636000B7E02 /* AppDelegate.swift */,
				14D56D7A1DDC5636000B7E02 /* Assets.xcassets */,
			);
			name = "Supporting Files";
			sourceTree = "<group>";
		};
		14032F621DE04612007BD6DD /* ViewControllers */ = {
			isa = PBXGroup;
			children = (
				140FAEE31DDEFAD100BB8DD9 /* SettingsViewController.swift */,
				14D56D751DDC5636000B7E02 /* NewsViewController.swift */,
			);
			name = ViewControllers;
			sourceTree = "<group>";
		};
		14032F631DE0462B007BD6DD /* TableViewHelpers */ = {
			isa = PBXGroup;
			children = (
				14032F651DE0479B007BD6DD /* NewsSourceCell.swift */,
				14032F661DE0479B007BD6DD /* NewsSourceCell.xib */,
				14669F7C1DE233DA00CFE8E9 /* NewsArticleCell.swift */,
				14669F7D1DE233DA00CFE8E9 /* NewsArticleCell.xib */,
				1416F0581DE7B3C800529B94 /* SettingsViewHeaderFooterView.swift */,
				1416F05E1DE7C47C00529B94 /* SettingsViewHeaderFooterView.xib */,
			);
			name = TableViewHelpers;
			sourceTree = "<group>";
		};
		14032F641DE04714007BD6DD /* Layouts */ = {
			isa = PBXGroup;
			children = (
				14D56D7C1DDC5636000B7E02 /* LaunchScreen.storyboard */,
				14D56D771DDC5636000B7E02 /* Main.storyboard */,
			);
			name = Layouts;
			sourceTree = "<group>";
		};
		1416F04E1DE7767C00529B94 /* Utilities */ = {
			isa = PBXGroup;
			children = (
				1426BFC61DDF4B1800CCBE31 /* Constants.swift */,
				14CA0E861DE82CE70070283E /* SynchronizedArray.swift */,
			);
			name = Utilities;
			sourceTree = "<group>";
		};
		14BC03731DDFB1AB00ACE204 /* Model */ = {
			isa = PBXGroup;
			children = (
				14BC03741DDFB1E900ACE204 /* Source.swift */,
				14BC03791DDFC06300ACE204 /* Article.swift */,
			);
			name = Model;
			sourceTree = "<group>";
		};
		14BC03761DDFB85100ACE204 /* Service */ = {
			isa = PBXGroup;
			children = (
				14BC03771DDFB8A000ACE204 /* NewsApiService.swift */,
			);
			name = Service;
			sourceTree = "<group>";
		};
		14BC037B1DDFC1F800ACE204 /* Extension */ = {
			isa = PBXGroup;
			children = (
				14BC037E1DDFC57400ACE204 /* String+Extension.swift */,
				14C34AA01DE09B2400A2332C /* URL+Extension.swift */,
				14F39F7B1DE051E000D7D250 /* NibLoadableView.swift */,
			);
			name = Extension;
			sourceTree = "<group>";
		};
		14D56D671DDC5636000B7E02 = {
			isa = PBXGroup;
			children = (
				14D56D721DDC5636000B7E02 /* MegaNews */,
				14D56D711DDC5636000B7E02 /* Products */,
				E5C8126CFD70B6CF32414F03 /* Pods */,
				036DD1E418FBB78E3740D15A /* Frameworks */,
			);
			sourceTree = "<group>";
		};
		14D56D711DDC5636000B7E02 /* Products */ = {
			isa = PBXGroup;
			children = (
				14D56D701DDC5636000B7E02 /* MegaNews.app */,
			);
			name = Products;
			sourceTree = "<group>";
		};
		14D56D721DDC5636000B7E02 /* MegaNews */ = {
			isa = PBXGroup;
			children = (
				1416F04E1DE7767C00529B94 /* Utilities */,
				14BC03731DDFB1AB00ACE204 /* Model */,
				14032F621DE04612007BD6DD /* ViewControllers */,
				14BC03761DDFB85100ACE204 /* Service */,
				14032F631DE0462B007BD6DD /* TableViewHelpers */,
				14BC037B1DDFC1F800ACE204 /* Extension */,
				14032F601DE045A1007BD6DD /* Supporting Files */,
				14032F641DE04714007BD6DD /* Layouts */,
			);
			path = MegaNews;
			sourceTree = "<group>";
		};
		E5C8126CFD70B6CF32414F03 /* Pods */ = {
			isa = PBXGroup;
			children = (
				608538F0C1823413538DEC9E /* Pods-MegaNews.debug.xcconfig */,
				F1D4371D88A315A02F8FDF80 /* Pods-MegaNews.release.xcconfig */,
			);
			name = Pods;
			sourceTree = "<group>";
		};
/* End PBXGroup section */

/* Begin PBXNativeTarget section */
		14D56D6F1DDC5636000B7E02 /* MegaNews */ = {
			isa = PBXNativeTarget;
			buildConfigurationList = 14D56D821DDC5636000B7E02 /* Build configuration list for PBXNativeTarget "MegaNews" */;
			buildPhases = (
				BDBB459B3A1F29BA051E4F08 /* [CP] Check Pods Manifest.lock */,
				14D56D6C1DDC5636000B7E02 /* Sources */,
				14D56D6D1DDC5636000B7E02 /* Frameworks */,
				14D56D6E1DDC5636000B7E02 /* Resources */,
				B70BAC7CD9AA7DE3EBE81A13 /* [CP] Embed Pods Frameworks */,
				C8009AF9BC97E78094AACBA8 /* [CP] Copy Pods Resources */,
			);
			buildRules = (
			);
			dependencies = (
			);
			name = MegaNews;
			productName = MegaNews;
			productReference = 14D56D701DDC5636000B7E02 /* MegaNews.app */;
			productType = "com.apple.product-type.application";
		};
/* End PBXNativeTarget section */

/* Begin PBXProject section */
		14D56D681DDC5636000B7E02 /* Project object */ = {
			isa = PBXProject;
			attributes = {
				LastSwiftUpdateCheck = 0810;
				LastUpgradeCheck = 0810;
				ORGANIZATIONNAME = "Eugene Kurilenko";
				TargetAttributes = {
					14D56D6F1DDC5636000B7E02 = {
						CreatedOnToolsVersion = 8.1;
						DevelopmentTeam = GT4WSWF94H;
						ProvisioningStyle = Automatic;
					};
				};
			};
			buildConfigurationList = 14D56D6B1DDC5636000B7E02 /* Build configuration list for PBXProject "MegaNews" */;
			compatibilityVersion = "Xcode 3.2";
			developmentRegion = English;
			hasScannedForEncodings = 0;
			knownRegions = (
				en,
				Base,
			);
			mainGroup = 14D56D671DDC5636000B7E02;
			productRefGroup = 14D56D711DDC5636000B7E02 /* Products */;
			projectDirPath = "";
			projectRoot = "";
			targets = (
				14D56D6F1DDC5636000B7E02 /* MegaNews */,
			);
		};
/* End PBXProject section */

/* Begin PBXResourcesBuildPhase section */
		14D56D6E1DDC5636000B7E02 /* Resources */ = {
			isa = PBXResourcesBuildPhase;
			buildActionMask = 2147483647;
			files = (
				14D56D7E1DDC5636000B7E02 /* LaunchScreen.storyboard in Resources */,
				14032F681DE0479B007BD6DD /* NewsSourceCell.xib in Resources */,
				14669F7F1DE233DA00CFE8E9 /* NewsArticleCell.xib in Resources */,
				1416F05F1DE7C47C00529B94 /* SettingsViewHeaderFooterView.xib in Resources */,
				14D56D7B1DDC5636000B7E02 /* Assets.xcassets in Resources */,
				14D56D791DDC5636000B7E02 /* Main.storyboard in Resources */,
			);
			runOnlyForDeploymentPostprocessing = 0;
		};
/* End PBXResourcesBuildPhase section */

/* Begin PBXShellScriptBuildPhase section */
		B70BAC7CD9AA7DE3EBE81A13 /* [CP] Embed Pods Frameworks */ = {
			isa = PBXShellScriptBuildPhase;
			buildActionMask = 2147483647;
			files = (
			);
			inputPaths = (
			);
			name = "[CP] Embed Pods Frameworks";
			outputPaths = (
			);
			runOnlyForDeploymentPostprocessing = 0;
			shellPath = /bin/sh;
			shellScript = "\"${SRCROOT}/Pods/Target Support Files/Pods-MegaNews/Pods-MegaNews-frameworks.sh\"\n";
			showEnvVarsInLog = 0;
		};
		BDBB459B3A1F29BA051E4F08 /* [CP] Check Pods Manifest.lock */ = {
			isa = PBXShellScriptBuildPhase;
			buildActionMask = 2147483647;
			files = (
			);
			inputPaths = (
			);
			name = "[CP] Check Pods Manifest.lock";
			outputPaths = (
			);
			runOnlyForDeploymentPostprocessing = 0;
			shellPath = /bin/sh;
			shellScript = "diff \"${PODS_ROOT}/../Podfile.lock\" \"${PODS_ROOT}/Manifest.lock\" > /dev/null\nif [ $? != 0 ] ; then\n    # print error to STDERR\n    echo \"error: The sandbox is not in sync with the Podfile.lock. Run 'pod install' or update your CocoaPods installation.\" >&2\n    exit 1\nfi\n";
			showEnvVarsInLog = 0;
		};
		C8009AF9BC97E78094AACBA8 /* [CP] Copy Pods Resources */ = {
			isa = PBXShellScriptBuildPhase;
			buildActionMask = 2147483647;
			files = (
			);
			inputPaths = (
			);
			name = "[CP] Copy Pods Resources";
			outputPaths = (
			);
			runOnlyForDeploymentPostprocessing = 0;
			shellPath = /bin/sh;
			shellScript = "\"${SRCROOT}/Pods/Target Support Files/Pods-MegaNews/Pods-MegaNews-resources.sh\"\n";
			showEnvVarsInLog = 0;
		};
/* End PBXShellScriptBuildPhase section */

/* Begin PBXSourcesBuildPhase section */
		14D56D6C1DDC5636000B7E02 /* Sources */ = {
			isa = PBXSourcesBuildPhase;
			buildActionMask = 2147483647;
			files = (
				14BC037A1DDFC06300ACE204 /* Article.swift in Sources */,
				14CA0E871DE82CE70070283E /* SynchronizedArray.swift in Sources */,
				14BC037F1DDFC57400ACE204 /* String+Extension.swift in Sources */,
				140FAEE41DDEFAD100BB8DD9 /* SettingsViewController.swift in Sources */,
				14C34AA11DE09B2400A2332C /* URL+Extension.swift in Sources */,
				14D56D761DDC5636000B7E02 /* NewsViewController.swift in Sources */,
				14669F7E1DE233DA00CFE8E9 /* NewsArticleCell.swift in Sources */,
				1416F0591DE7B3C800529B94 /* SettingsViewHeaderFooterView.swift in Sources */,
				14032F671DE0479B007BD6DD /* NewsSourceCell.swift in Sources */,
				14BC03751DDFB1E900ACE204 /* Source.swift in Sources */,
				14D56D741DDC5636000B7E02 /* AppDelegate.swift in Sources */,
				1426BFC71DDF4B1800CCBE31 /* Constants.swift in Sources */,
				14BC03781DDFB8A000ACE204 /* NewsApiService.swift in Sources */,
				14F39F7C1DE051E000D7D250 /* NibLoadableView.swift in Sources */,
			);
			runOnlyForDeploymentPostprocessing = 0;
		};
/* End PBXSourcesBuildPhase section */

/* Begin PBXVariantGroup section */
		14D56D771DDC5636000B7E02 /* Main.storyboard */ = {
			isa = PBXVariantGroup;
			children = (
				14D56D781DDC5636000B7E02 /* Base */,
			);
			name = Main.storyboard;
			sourceTree = "<group>";
		};
		14D56D7C1DDC5636000B7E02 /* LaunchScreen.storyboard */ = {
			isa = PBXVariantGroup;
			children = (
				14D56D7D1DDC5636000B7E02 /* Base */,
			);
			name = LaunchScreen.storyboard;
			sourceTree = "<group>";
		};
/* End PBXVariantGroup section */

/* Begin XCBuildConfiguration section */
		14D56D801DDC5636000B7E02 /* Debug */ = {
			isa = XCBuildConfiguration;
			buildSettings = {
				ALWAYS_SEARCH_USER_PATHS = NO;
				CLANG_ANALYZER_NONNULL = YES;
				CLANG_CXX_LANGUAGE_STANDARD = "gnu++0x";
				CLANG_CXX_LIBRARY = "libc++";
				CLANG_ENABLE_MODULES = YES;
				CLANG_ENABLE_OBJC_ARC = YES;
				CLANG_WARN_BOOL_CONVERSION = YES;
				CLANG_WARN_CONSTANT_CONVERSION = YES;
				CLANG_WARN_DIRECT_OBJC_ISA_USAGE = YES_ERROR;
				CLANG_WARN_DOCUMENTATION_COMMENTS = YES;
				CLANG_WARN_EMPTY_BODY = YES;
				CLANG_WARN_ENUM_CONVERSION = YES;
				CLANG_WARN_INFINITE_RECURSION = YES;
				CLANG_WARN_INT_CONVERSION = YES;
				CLANG_WARN_OBJC_ROOT_CLASS = YES_ERROR;
				CLANG_WARN_SUSPICIOUS_MOVE = YES;
				CLANG_WARN_SUSPICIOUS_MOVES = YES;
				CLANG_WARN_UNREACHABLE_CODE = YES;
				CLANG_WARN__DUPLICATE_METHOD_MATCH = YES;
				"CODE_SIGN_IDENTITY[sdk=iphoneos*]" = "iPhone Developer";
				COPY_PHASE_STRIP = NO;
				DEBUG_INFORMATION_FORMAT = dwarf;
				ENABLE_STRICT_OBJC_MSGSEND = YES;
				ENABLE_TESTABILITY = YES;
				GCC_C_LANGUAGE_STANDARD = gnu99;
				GCC_DYNAMIC_NO_PIC = NO;
				GCC_NO_COMMON_BLOCKS = YES;
				GCC_OPTIMIZATION_LEVEL = 0;
				GCC_PREPROCESSOR_DEFINITIONS = (
					"DEBUG=1",
					"$(inherited)",
				);
				GCC_WARN_64_TO_32_BIT_CONVERSION = YES;
				GCC_WARN_ABOUT_RETURN_TYPE = YES_ERROR;
				GCC_WARN_UNDECLARED_SELECTOR = YES;
				GCC_WARN_UNINITIALIZED_AUTOS = YES_AGGRESSIVE;
				GCC_WARN_UNUSED_FUNCTION = YES;
				GCC_WARN_UNUSED_VARIABLE = YES;
				IPHONEOS_DEPLOYMENT_TARGET = 10.1;
				MTL_ENABLE_DEBUG_INFO = YES;
				ONLY_ACTIVE_ARCH = YES;
				SDKROOT = iphoneos;
				SWIFT_ACTIVE_COMPILATION_CONDITIONS = DEBUG;
				SWIFT_OPTIMIZATION_LEVEL = "-Onone";
				TARGETED_DEVICE_FAMILY = "1,2";
			};
			name = Debug;
		};
		14D56D811DDC5636000B7E02 /* Release */ = {
			isa = XCBuildConfiguration;
			buildSettings = {
				ALWAYS_SEARCH_USER_PATHS = NO;
				CLANG_ANALYZER_NONNULL = YES;
				CLANG_CXX_LANGUAGE_STANDARD = "gnu++0x";
				CLANG_CXX_LIBRARY = "libc++";
				CLANG_ENABLE_MODULES = YES;
				CLANG_ENABLE_OBJC_ARC = YES;
				CLANG_WARN_BOOL_CONVERSION = YES;
				CLANG_WARN_CONSTANT_CONVERSION = YES;
				CLANG_WARN_DIRECT_OBJC_ISA_USAGE = YES_ERROR;
				CLANG_WARN_DOCUMENTATION_COMMENTS = YES;
				CLANG_WARN_EMPTY_BODY = YES;
				CLANG_WARN_ENUM_CONVERSION = YES;
				CLANG_WARN_INFINITE_RECURSION = YES;
				CLANG_WARN_INT_CONVERSION = YES;
				CLANG_WARN_OBJC_ROOT_CLASS = YES_ERROR;
				CLANG_WARN_SUSPICIOUS_MOVE = YES;
				CLANG_WARN_SUSPICIOUS_MOVES = YES;
				CLANG_WARN_UNREACHABLE_CODE = YES;
				CLANG_WARN__DUPLICATE_METHOD_MATCH = YES;
				"CODE_SIGN_IDENTITY[sdk=iphoneos*]" = "iPhone Developer";
				COPY_PHASE_STRIP = NO;
				DEBUG_INFORMATION_FORMAT = "dwarf-with-dsym";
				ENABLE_NS_ASSERTIONS = NO;
				ENABLE_STRICT_OBJC_MSGSEND = YES;
				GCC_C_LANGUAGE_STANDARD = gnu99;
				GCC_NO_COMMON_BLOCKS = YES;
				GCC_WARN_64_TO_32_BIT_CONVERSION = YES;
				GCC_WARN_ABOUT_RETURN_TYPE = YES_ERROR;
				GCC_WARN_UNDECLARED_SELECTOR = YES;
				GCC_WARN_UNINITIALIZED_AUTOS = YES_AGGRESSIVE;
				GCC_WARN_UNUSED_FUNCTION = YES;
				GCC_WARN_UNUSED_VARIABLE = YES;
				IPHONEOS_DEPLOYMENT_TARGET = 10.1;
				MTL_ENABLE_DEBUG_INFO = NO;
				SDKROOT = iphoneos;
				SWIFT_OPTIMIZATION_LEVEL = "-Owholemodule";
				TARGETED_DEVICE_FAMILY = "1,2";
				VALIDATE_PRODUCT = YES;
			};
			name = Release;
		};
		14D56D831DDC5636000B7E02 /* Debug */ = {
			isa = XCBuildConfiguration;
			baseConfigurationReference = 608538F0C1823413538DEC9E /* Pods-MegaNews.debug.xcconfig */;
			buildSettings = {
				ASSETCATALOG_COMPILER_APPICON_NAME = AppIcon;
				DEVELOPMENT_TEAM = GT4WSWF94H;
				INFOPLIST_FILE = MegaNews/Info.plist;
				LD_RUNPATH_SEARCH_PATHS = "$(inherited) @executable_path/Frameworks";
				PRODUCT_BUNDLE_IDENTIFIER = com.kyralesov.MegaNews;
				PRODUCT_NAME = "$(TARGET_NAME)";
				SWIFT_VERSION = 3.0;
			};
			name = Debug;
		};
		14D56D841DDC5636000B7E02 /* Release */ = {
			isa = XCBuildConfiguration;
			baseConfigurationReference = F1D4371D88A315A02F8FDF80 /* Pods-MegaNews.release.xcconfig */;
			buildSettings = {
				ASSETCATALOG_COMPILER_APPICON_NAME = AppIcon;
				DEVELOPMENT_TEAM = GT4WSWF94H;
				INFOPLIST_FILE = MegaNews/Info.plist;
				LD_RUNPATH_SEARCH_PATHS = "$(inherited) @executable_path/Frameworks";
				PRODUCT_BUNDLE_IDENTIFIER = com.kyralesov.MegaNews;
				PRODUCT_NAME = "$(TARGET_NAME)";
				SWIFT_VERSION = 3.0;
			};
			name = Release;
		};
/* End XCBuildConfiguration section */

/* Begin XCConfigurationList section */
		14D56D6B1DDC5636000B7E02 /* Build configuration list for PBXProject "MegaNews" */ = {
			isa = XCConfigurationList;
			buildConfigurations = (
				14D56D801DDC5636000B7E02 /* Debug */,
				14D56D811DDC5636000B7E02 /* Release */,
			);
			defaultConfigurationIsVisible = 0;
			defaultConfigurationName = Release;
		};
		14D56D821DDC5636000B7E02 /* Build configuration list for PBXNativeTarget "MegaNews" */ = {
			isa = XCConfigurationList;
			buildConfigurations = (
				14D56D831DDC5636000B7E02 /* Debug */,
				14D56D841DDC5636000B7E02 /* Release */,
			);
			defaultConfigurationIsVisible = 0;
			defaultConfigurationName = Release;
		};
/* End XCConfigurationList section */
	};
	rootObject = 14D56D681DDC5636000B7E02 /* Project object */;
}
